
Microsoft Visual Studio Solution File, Format Version 12.00
# Visual Studio 15
VisualStudioVersion = 15.0.27130.2036
MinimumVisualStudioVersion = 10.0.40219.1
Project("{8BC9CEB8-8B4A-11D0-8D11-00A0C91BC942}") = "BM-Main", "BM-Main\BM-Main.vcxproj", "{55D40C2E-F544-4033-B2AC-6D904102321E}"
EndProject
Global
	GlobalSection(SolutionConfigurationPlatforms) = preSolution
		Debug|x64 = Debug|x64
		Debug|x86 = Debug|x86
		Release|x64 = Release|x64
		Release|x86 = Release|x86
	EndGlobalSection
	GlobalSection(ProjectConfigurationPlatforms) = postSolution
		{55D40C2E-F544-4033-B2AC-6D904102321E}.Debug|x64.ActiveCfg = Debug|x64
		{55D40C2E-F544-4033-B2AC-6D904102321E}.Debug|x64.Build.0 = Debug|x64
		{55D40C2E-F544-4033-B2AC-6D904102321E}.Debug|x86.ActiveCfg = Debug|Win32
		{55D40C2E-F544-4033-B2AC-6D904102321E}.Debug|x86.Build.0 = Debug|Win32
		{55D40C2E-F544-4033-B2AC-6D904102321E}.Release|x64.ActiveCfg = Release|x64
		{55D40C2E-F544-4033-B2AC-6D904102321E}.Release|x64.Build.0 = Release|x64
		{55D40C2E-F544-4033-B2AC-6D904102321E}.Release|x86.ActiveCfg = Release|Win32
		{55D40C2E-F544-4033-B2AC-6D904102321E}.Release|x86.Build.0 = Release|Win32
	EndGlobalSection
	GlobalSection(SolutionProperties) = preSolution
		HideSolutionNode = FALSE
	EndGlobalSection
	GlobalSection(ExtensibilityGlobals) = postSolution
		SolutionGuid = {01CF8F9A-D7C6-43F4-ADE4-DE909ABB3AC8}
	EndGlobalSection
EndGlobal
